
Microsoft Visual Studio Solution File, Format Version 12.00
# Visual Studio 15
VisualStudioVersion = 15.0.28307.329
MinimumVisualStudioVersion = 10.0.40219.1
Project("{FAE04EC0-301F-11D3-BF4B-00C04F79EFBC}") = "assignment1", "assignment1\assignment1.csproj", "{018568D8-F8D5-46AD-AF00-15634E227CF3}"
EndProject
Global
	GlobalSection(SolutionConfigurationPlatforms) = preSolution
		Debug|Any CPU = Debug|Any CPU
		Release|Any CPU = Release|Any CPU
	EndGlobalSection
	GlobalSection(ProjectConfigurationPlatforms) = postSolution
		{018568D8-F8D5-46AD-AF00-15634E227CF3}.Debug|Any CPU.ActiveCfg = Debug|Any CPU
		{018568D8-F8D5-46AD-AF00-15634E227CF3}.Debug|Any CPU.Build.0 = Debug|Any CPU
		{018568D8-F8D5-46AD-AF00-15634E227CF3}.Release|Any CPU.ActiveCfg = Release|Any CPU
		{018568D8-F8D5-46AD-AF00-15634E227CF3}.Release|Any CPU.Build.0 = Release|Any CPU
	EndGlobalSection
	GlobalSection(SolutionProperties) = preSolution
		HideSolutionNode = FALSE
	EndGlobalSection
	GlobalSection(ExtensibilityGlobals) = postSolution
		SolutionGuid = {AEE5841C-2725-484E-9014-520DBC53048A}
	EndGlobalSection
EndGlobal
